PODS:
  - DUMessaging (1.1.6):
    - Socket.IO-Client-Swift (~> 6.1.0)
  - Socket.IO-Client-Swift (6.1.5)

DEPENDENCIES:
  - DUMessaging

SPEC CHECKSUMS:
  DUMessaging: f82b08a6e3fe38c4055cc1c1729cdd74a0966f46
  Socket.IO-Client-Swift: 5141e781303bab379bd2ef6b2f59b5a9183aeb16

PODFILE CHECKSUM: 7306cf1ea7be6afe8c042610385cfd2d03a859b1

COCOAPODS: 1.0.1
