PODS:
  - DUMessaging (2.0.1):
    - Socket.IO-Client-Swift
  - Socket.IO-Client-Swift (8.0.2)

DEPENDENCIES:
  - DUMessaging

SPEC CHECKSUMS:
  DUMessaging: cc32b42a7becd53458de501b585f9712161c12f9
  Socket.IO-Client-Swift: 136598e4a81a42b0e6855e7f94a0e5a6efdc5ff8

PODFILE CHECKSUM: a482d2a269d008e57f475dda2b174a4010113a08

COCOAPODS: 1.1.0.rc.2
